# This file is automatically @generated by Poetry 2.2.1 and should not be changed by hand.

[[package]]
name = "colorama"
version = "0.4.6"
description = "Cross-platform colored terminal text."
optional = false
python-versions = "!=3.0.*,!=3.1.*,!=3.2.*,!=3.3.*,!=3.4.*,!=3.5.*,!=3.6.*,>=2.7"
groups = ["main"]
markers = "platform_system == \"Windows\""
files = [
    {file = "colorama-0.4.6-py2.py3-none-any.whl", hash = "sha256:4f1d9991f5acc0ca119f9d443620b77f9d6b33703e51011c16baf57afb285fc6"},
    {file = "colorama-0.4.6.tar.gz", hash = "sha256:08695f5cb7ed6e0531a20572697297273c47b8cae5a63ffc6d6ed5c201be6e44"},
]

[[package]]
name = "cvmatrix"
version = "3.1.5"
description = "Fast computation of possibly weighted and possibly centered/scaled training set kernel matrices in a cross-validation setting."
optional = false
python-versions = "<3.15,>=3.11"
groups = ["main"]
files = [
    {file = "cvmatrix-3.1.5-py3-none-any.whl", hash = "sha256:bc62a4d5b3d7a47aa78382d2d857d7634a381e6d748850d7ef05ad5c368cf5a2"},
    {file = "cvmatrix-3.1.5.tar.gz", hash = "sha256:99d3c651b607074652e77c555e0133f44492dbccfec9c83cb9950a747d824306"},
]

[package.dependencies]
numpy = ">=2.0.0,<3.0.0"

[[package]]
name = "jax"
version = "0.8.2"
description = "Differentiate, compile, and transform Numpy code."
optional = false
python-versions = ">=3.11"
groups = ["main"]
files = [
    {file = "jax-0.8.2-py3-none-any.whl", hash = "sha256:d0478c5dc74406441efcd25731166a65ee782f13c352fa72dc7d734351909355"},
    {file = "jax-0.8.2.tar.gz", hash = "sha256:1a685ded06a8223a7b52e45e668e406049dbbead02873f2b5a4d881ba7b421ae"},
]

[package.dependencies]
jaxlib = "0.8.2"
ml_dtypes = ">=0.5.0"
numpy = ">=2.0"
opt_einsum = "*"
scipy = ">=1.13"

[package.extras]
ci = ["jaxlib (==0.8.1)"]
cuda = ["jax-cuda12-plugin[with-cuda] (==0.8.2)", "jaxlib (==0.8.2)"]
cuda12 = ["jax-cuda12-plugin[with-cuda] (==0.8.2)", "jaxlib (==0.8.2)"]
cuda12-local = ["jax-cuda12-plugin (==0.8.2)", "jaxlib (==0.8.2)"]
cuda13 = ["jax-cuda13-plugin[with-cuda] (==0.8.2)", "jaxlib (==0.8.2)"]
cuda13-local = ["jax-cuda13-plugin (==0.8.2)", "jaxlib (==0.8.2)"]
k8s = ["kubernetes"]
minimum-jaxlib = ["jaxlib (==0.8.2)"]
rocm = ["jax-rocm7-plugin (==0.8.2)", "jaxlib (==0.8.2)"]
tpu = ["jaxlib (==0.8.2)", "libtpu (==0.0.32.*)", "requests"]
xprof = ["xprof"]

[[package]]
name = "jaxlib"
version = "0.8.2"
description = "XLA library for JAX"
optional = false
python-versions = ">=3.11"
groups = ["main"]
files = [
    {file = "jaxlib-0.8.2-cp311-cp311-macosx_11_0_arm64.whl", hash = "sha256:490bf0cb029c73c65c9431124b86cdc95082dbc1fb76fc549d24d75da33e5454"},
    {file = "jaxlib-0.8.2-cp311-cp311-manylinux_2_27_aarch64.whl", hash = "sha256:bb89be452b1b808d3f88fc01c415b364a260be4cc7ac120c038009f6150a32dc"},
    {file = "jaxlib-0.8.2-cp311-cp311-manylinux_2_27_x86_64.whl", hash = "sha256:ccf77da917a20935247c990691decfcbdd06c25ef0ac94d914a04aadb22f714c"},
    {file = "jaxlib-0.8.2-cp311-cp311-win_amd64.whl", hash = "sha256:dffc22b5b732b9556d92c918b251c61bcc046617c4dbb51e1f7a656587fddffb"},
    {file = "jaxlib-0.8.2-cp312-cp312-macosx_11_0_arm64.whl", hash = "sha256:023de6f3f56da2af7037970996500586331fdb50b530ecbb54b9666da633bd00"},
    {file = "jaxlib-0.8.2-cp312-cp312-manylinux_2_27_aarch64.whl", hash = "sha256:3b16e50c5b730c9dd0a49e55f1acfaa722b00b1af0522a591558dcc0464252f2"},
    {file = "jaxlib-0.8.2-cp312-cp312-manylinux_2_27_x86_64.whl", hash = "sha256:2b9789bd08f8b0cc5a5c12ae896fe432d5942e32e417091b8b5a96a9a6fd5cf1"},
    {file = "jaxlib-0.8.2-cp312-cp312-win_amd64.whl", hash = "sha256:f472cc72e3058e50b5f0230b236d5a1183bf6c3d5423d2a52eff07bcf34908de"},
    {file = "jaxlib-0.8.2-cp313-cp313-macosx_11_0_arm64.whl", hash = "sha256:4d006db96be020c8165212a1216372f8acac4ff4f8fb067743d694ef2b301ace"},
    {file = "jaxlib-0.8.2-cp313-cp313-manylinux_2_27_aarch64.whl", hash = "sha256:7c304f3a016965b9d1f5239a8a0399a73925f5604fe914c5ca66ecf734bf6422"},
    {file = "jaxlib-0.8.2-cp313-cp313-manylinux_2_27_x86_64.whl", hash = "sha256:1bfbcf6c3de221784fa4cdb6765a09d71cb4298b15626b3d0409b3dfcd8a8667"},
    {file = "jaxlib-0.8.2-cp313-cp313-win_amd64.whl", hash = "sha256:f205e91c3a152a2a76c0bc59a6a2de03e87ec261b91e8812922777185e7b08f5"},
    {file = "jaxlib-0.8.2-cp313-cp313t-macosx_11_0_arm64.whl", hash = "sha256:f28edac8c226fc07fa3e8af6f9defede8ac2c307429e3291edce8739d39becc9"},
    {file = "jaxlib-0.8.2-cp313-cp313t-manylinux_2_27_aarch64.whl", hash = "sha256:7da8127557c786264049ae55460d1b8d04cc3cdf0403a087f2fc1e6d313ec722"},
    {file = "jaxlib-0.8.2-cp313-cp313t-manylinux_2_27_x86_64.whl", hash = "sha256:28eec1a4e0639a0d8702cea3cb70dd3663053dbfa344452994ea48dc6ceadaa5"},
    {file = "jaxlib-0.8.2-cp314-cp314-macosx_11_0_arm64.whl", hash = "sha256:beffb004e7eeb5c9afb24439e2b2cf45a4ee3e3e8adf45e355edf2af62acf8b8"},
    {file = "jaxlib-0.8.2-cp314-cp314-manylinux_2_27_aarch64.whl", hash = "sha256:68108dff0de74adc468016be9a19f80efe48c660c0d5a122287094b44b092afc"},
    {file = "jaxlib-0.8.2-cp314-cp314-manylinux_2_27_x86_64.whl", hash = "sha256:e6a97dfb0232eed9a2bb6e3828e4f682dbac1a7fea840bfda574cae2dbf5faf9"},
    {file = "jaxlib-0.8.2-cp314-cp314-win_amd64.whl", hash = "sha256:05b958f497e49824c432e734bb059723b7dfe69e2ad696a9f9c8ad82fff7c3f8"},
    {file = "jaxlib-0.8.2-cp314-cp314t-macosx_11_0_arm64.whl", hash = "sha256:964626f581beab31ee6826b228fcc2ec5181b05cecf94a528dff97921c145dbc"},
    {file = "jaxlib-0.8.2-cp314-cp314t-manylinux_2_27_aarch64.whl", hash = "sha256:a397ea7dcb37d689ce79173eeb99b2f1347637a36be9a27f20ae6848bfc58bfc"},
    {file = "jaxlib-0.8.2-cp314-cp314t-manylinux_2_27_x86_64.whl", hash = "sha256:aa8701b6356f098e8452c3cec762fb5f706fcb8f67ffd65964f63982479aa23b"},
]

[package.dependencies]
ml_dtypes = ">=0.5.0"
numpy = ">=2.0"
scipy = ">=1.13"

[[package]]
name = "joblib"
version = "1.5.3"
description = "Lightweight pipelining with Python functions"
optional = false
python-versions = ">=3.9"
groups = ["main"]
files = [
    {file = "joblib-1.5.3-py3-none-any.whl", hash = "sha256:5fc3c5039fc5ca8c0276333a188bbd59d6b7ab37fe6632daa76bc7f9ec18e713"},
    {file = "joblib-1.5.3.tar.gz", hash = "sha256:8561a3269e6801106863fd0d6d84bb737be9e7631e33aaed3fb9ce5953688da3"},
]

[[package]]
name = "ml-dtypes"
version = "0.5.4"
description = "ml_dtypes is a stand-alone implementation of several NumPy dtype extensions used in machine learning."
optional = false
python-versions = ">=3.9"
groups = ["main"]
files = [
    {file = "ml_dtypes-0.5.4-cp310-cp310-macosx_10_9_universal2.whl", hash = "sha256:b95e97e470fe60ed493fd9ae3911d8da4ebac16bd21f87ffa2b7c588bf22ea2c"},
    {file = "ml_dtypes-0.5.4-cp310-cp310-manylinux_2_27_aarch64.manylinux_2_28_aarch64.whl", hash = "sha256:b4b801ebe0b477be666696bda493a9be8356f1f0057a57f1e35cd26928823e5a"},
    {file = "ml_dtypes-0.5.4-cp310-cp310-manylinux_2_27_x86_64.manylinux_2_28_x86_64.whl", hash = "sha256:388d399a2152dd79a3f0456a952284a99ee5c93d3e2f8dfe25977511e0515270"},
    {file = "ml_dtypes-0.5.4-cp310-cp310-win_amd64.whl", hash = "sha256:4ff7f3e7ca2972e7de850e7b8fcbb355304271e2933dd90814c1cb847414d6e2"},
    {file = "ml_dtypes-0.5.4-cp311-cp311-macosx_10_9_universal2.whl", hash = "sha256:6c7ecb74c4bd71db68a6bea1edf8da8c34f3d9fe218f038814fd1d310ac76c90"},
    {file = "ml_dtypes-0.5.4-cp311-cp311-manylinux_2_27_aarch64.manylinux_2_28_aarch64.whl", hash = "sha256:bc11d7e8c44a65115d05e2ab9989d1e045125d7be8e05a071a48bc76eb6d6040"},
    {file = "ml_dtypes-0.5.4-cp311-cp311-manylinux_2_27_x86_64.manylinux_2_28_x86_64.whl", hash = "sha256:19b9a53598f21e453ea2fbda8aa783c20faff8e1eeb0d7ab899309a0053f1483"},
    {file = "ml_dtypes-0.5.4-cp311-cp311-win_amd64.whl", hash = "sha256:7c23c54a00ae43edf48d44066a7ec31e05fdc2eee0be2b8b50dd1903a1db94bb"},
    {file = "ml_dtypes-0.5.4-cp311-cp311-win_arm64.whl", hash = "sha256:557a31a390b7e9439056644cb80ed0735a6e3e3bb09d67fd5687e4b04238d1de"},
    {file = "ml_dtypes-0.5.4-cp312-cp312-macosx_10_13_universal2.whl", hash = "sha256:a174837a64f5b16cab6f368171a1a03a27936b31699d167684073ff1c4237dac"},
    {file = "ml_dtypes-0.5.4-cp312-cp312-manylinux_2_27_aarch64.manylinux_2_28_aarch64.whl", hash = "sha256:a7f7c643e8b1320fd958bf098aa7ecf70623a42ec5154e3be3be673f4c34d900"},
    {file = "ml_dtypes-0.5.4-cp312-cp312-manylinux_2_27_x86_64.manylinux_2_28_x86_64.whl", hash = "sha256:9ad459e99793fa6e13bd5b7e6792c8f9190b4e5a1b45c63aba14a4d0a7f1d5ff"},
    {file = "ml_dtypes-0.5.4-cp312-cp312-win_amd64.whl", hash = "sha256:c1a953995cccb9e25a4ae19e34316671e4e2edaebe4cf538229b1fc7109087b7"},
    {file = "ml_dtypes-0.5.4-cp312-cp312-win_arm64.whl", hash = "sha256:9bad06436568442575beb2d03389aa7456c690a5b05892c471215bfd8cf39460"},
    {file = "ml_dtypes-0.5.4-cp313-cp313-macosx_10_13_universal2.whl", hash = "sha256:8c760d85a2f82e2bed75867079188c9d18dae2ee77c25a54d60e9cc79be1bc48"},
    {file = "ml_dtypes-0.5.4-cp313-cp313-manylinux_2_27_aarch64.manylinux_2_28_aarch64.whl", hash = "sha256:ce756d3a10d0c4067172804c9cc276ba9cc0ff47af9078ad439b075d1abdc29b"},
    {file = "ml_dtypes-0.5.4-cp313-cp313-manylinux_2_27_x86_64.manylinux_2_28_x86_64.whl", hash = "sha256:533ce891ba774eabf607172254f2e7260ba5f57bdd64030c9a4fcfbd99815d0d"},
    {file = "ml_dtypes-0.5.4-cp313-cp313-win_amd64.whl", hash = "sha256:f21c9219ef48ca5ee78402d5cc831bd58ea27ce89beda894428bc67a52da5328"},
    {file = "ml_dtypes-0.5.4-cp313-cp313-win_arm64.whl", hash = "sha256:35f29491a3e478407f7047b8a4834e4640a77d2737e0b294d049746507af5175"},
    {file = "ml_dtypes-0.5.4-cp313-cp313t-macosx_10_13_universal2.whl", hash = "sha256:304ad47faa395415b9ccbcc06a0350800bc50eda70f0e45326796e27c62f18b6"},
    {file = "ml_dtypes-0.5.4-cp313-cp313t-manylinux_2_27_aarch64.manylinux_2_28_aarch64.whl", hash = "sha256:6a0df4223b514d799b8a1629c65ddc351b3efa833ccf7f8ea0cf654a61d1e35d"},
    {file = "ml_dtypes-0.5.4-cp313-cp313t-manylinux_2_27_x86_64.manylinux_2_28_x86_64.whl", hash = "sha256:531eff30e4d368cb6255bc2328d070e35836aa4f282a0fb5f3a0cd7260257298"},
    {file = "ml_dtypes-0.5.4-cp313-cp313t-win_amd64.whl", hash = "sha256:cb73dccfc991691c444acc8c0012bee8f2470da826a92e3a20bb333b1a7894e6"},
    {file = "ml_dtypes-0.5.4-cp313-cp313t-win_arm64.whl", hash = "sha256:3bbbe120b915090d9dd1375e4684dd17a20a2491ef25d640a908281da85e73f1"},
    {file = "ml_dtypes-0.5.4-cp314-cp314-macosx_10_13_universal2.whl", hash = "sha256:2b857d3af6ac0d39db1de7c706e69c7f9791627209c3d6dedbfca8c7e5faec22"},
    {file = "ml_dtypes-0.5.4-cp314-cp314-manylinux_2_27_aarch64.manylinux_2_28_aarch64.whl", hash = "sha256:805cef3a38f4eafae3a5bf9ebdcdb741d0bcfd9e1bd90eb54abd24f928cd2465"},
    {file = "ml_dtypes-0.5.4-cp314-cp314-manylinux_2_27_x86_64.manylinux_2_28_x86_64.whl", hash = "sha256:14a4fd3228af936461db66faccef6e4f41c1d82fcc30e9f8d58a08916b1d811f"},
    {file = "ml_dtypes-0.5.4-cp314-cp314-win_amd64.whl", hash = "sha256:8c6a2dcebd6f3903e05d51960a8058d6e131fe69f952a5397e5dbabc841b6d56"},
    {file = "ml_dtypes-0.5.4-cp314-cp314-win_arm64.whl", hash = "sha256:5a0f68ca8fd8d16583dfa7793973feb86f2fbb56ce3966daf9c9f748f52a2049"},
    {file = "ml_dtypes-0.5.4-cp314-cp314t-macosx_10_13_universal2.whl", hash = "sha256:bfc534409c5d4b0bf945af29e5d0ab075eae9eecbb549ff8a29280db822f34f9"},
    {file = "ml_dtypes-0.5.4-cp314-cp314t-manylinux_2_27_aarch64.manylinux_2_28_aarch64.whl", hash = "sha256:2314892cdc3fcf05e373d76d72aaa15fda9fb98625effa73c1d646f331fcecb7"},
    {file = "ml_dtypes-0.5.4-cp314-cp314t-manylinux_2_27_x86_64.manylinux_2_28_x86_64.whl", hash = "sha256:0d2ffd05a2575b1519dc928c0b93c06339eb67173ff53acb00724502cda231cf"},
    {file = "ml_dtypes-0.5.4-cp314-cp314t-win_amd64.whl", hash = "sha256:4381fe2f2452a2d7589689693d3162e876b3ddb0a832cde7a414f8e1adf7eab1"},
    {file = "ml_dtypes-0.5.4-cp314-cp314t-win_arm64.whl", hash = "sha256:11942cbf2cf92157db91e5022633c0d9474d4dfd813a909383bd23ce828a4b7d"},
    {file = "ml_dtypes-0.5.4-cp39-cp39-macosx_10_9_universal2.whl", hash = "sha256:d81fdb088defa30eb37bf390bb7dde35d3a83ec112ac8e33d75ab28cc29dd8b0"},
    {file = "ml_dtypes-0.5.4-cp39-cp39-manylinux_2_27_aarch64.manylinux_2_28_aarch64.whl", hash = "sha256:88c982aac7cb1cbe8cbb4e7f253072b1df872701fcaf48d84ffbb433b6568f24"},
    {file = "ml_dtypes-0.5.4-cp39-cp39-manylinux_2_27_x86_64.manylinux_2_28_x86_64.whl", hash = "sha256:a9b61c19040397970d18d7737375cffd83b1f36a11dd4ad19f83a016f736c3ef"},
    {file = "ml_dtypes-0.5.4-cp39-cp39-win_amd64.whl", hash = "sha256:3d277bf3637f2a62176f4575512e9ff9ef51d00e39626d9fe4a161992f355af2"},
    {file = "ml_dtypes-0.5.4.tar.gz", hash = "sha256:8ab06a50fb9bf9666dd0fe5dfb4676fa2b0ac0f31ecff72a6c3af8e22c063453"},
]

[package.dependencies]
numpy = [
    {version = ">=2.1.0", markers = "python_version >= \"3.13\""},
    {version = ">=1.26.0", markers = "python_version == \"3.12\""},
    {version = ">=1.23.3", markers = "python_version == \"3.11\""},
]

[package.extras]
dev = ["absl-py", "pyink", "pylint (>=2.6.0)", "pytest", "pytest-xdist"]

[[package]]
name = "numpy"
version = "2.4.0"
description = "Fundamental package for array computing in Python"
optional = false
python-versions = ">=3.11"
groups = ["main"]
files = [
    {file = "numpy-2.4.0-cp311-cp311-macosx_10_9_x86_64.whl", hash = "sha256:316b2f2584682318539f0bcaca5a496ce9ca78c88066579ebd11fd06f8e4741e"},
    {file = "numpy-2.4.0-cp311-cp311-macosx_11_0_arm64.whl", hash = "sha256:a2718c1de8504121714234b6f8241d0019450353276c88b9453c9c3d92e101db"},
    {file = "numpy-2.4.0-cp311-cp311-macosx_14_0_arm64.whl", hash = "sha256:21555da4ec4a0c942520ead42c3b0dc9477441e085c42b0fbdd6a084869a6f6b"},
    {file = "numpy-2.4.0-cp311-cp311-macosx_14_0_x86_64.whl", hash = "sha256:413aa561266a4be2d06cd2b9665e89d9f54c543f418773076a76adcf2af08bc7"},
    {file = "numpy-2.4.0-cp311-cp311-manylinux_2_27_aarch64.manylinux_2_28_aarch64.whl", hash = "sha256:0feafc9e03128074689183031181fac0897ff169692d8492066e949041096548"},
    {file = "numpy-2.4.0-cp311-cp311-manylinux_2_27_x86_64.manylinux_2_28_x86_64.whl", hash = "sha256:a8fdfed3deaf1928fb7667d96e0567cdf58c2b370ea2ee7e586aa383ec2cb346"},
    {file = "numpy-2.4.0-cp311-cp311-musllinux_1_2_aarch64.whl", hash = "sha256:e06a922a469cae9a57100864caf4f8a97a1026513793969f8ba5b63137a35d25"},
    {file = "numpy-2.4.0-cp311-cp311-musllinux_1_2_x86_64.whl", hash = "sha256:927ccf5cd17c48f801f4ed43a7e5673a2724bd2171460be3e3894e6e332ef83a"},
    {file = "numpy-2.4.0-cp311-cp311-win32.whl", hash = "sha256:882567b7ae57c1b1a0250208cc21a7976d8cbcc49d5a322e607e6f09c9e0bd53"},
    {file = "numpy-2.4.0-cp311-cp311-win_amd64.whl", hash = "sha256:8b986403023c8f3bf8f487c2e6186afda156174d31c175f747d8934dfddf3479"},
    {file = "numpy-2.4.0-cp311-cp311-win_arm64.whl", hash = "sha256:3f3096405acc48887458bbf9f6814d43785ac7ba2a57ea6442b581dedbc60ce6"},
    {file = "numpy-2.4.0-cp312-cp312-macosx_10_13_x86_64.whl", hash = "sha256:2a8b6bb8369abefb8bd1801b054ad50e02b3275c8614dc6e5b0373c305291037"},
    {file = "numpy-2.4.0-cp312-cp312-macosx_11_0_arm64.whl", hash = "sha256:2e284ca13d5a8367e43734148622caf0b261b275673823593e3e3634a6490f83"},
    {file = "numpy-2.4.0-cp312-cp312-macosx_14_0_arm64.whl", hash = "sha256:49ff32b09f5aa0cd30a20c2b39db3e669c845589f2b7fc910365210887e39344"},
    {file = "numpy-2.4.0-cp312-cp312-macosx_14_0_x86_64.whl", hash = "sha256:36cbfb13c152b1c7c184ddac43765db8ad672567e7bafff2cc755a09917ed2e6"},
    {file = "numpy-2.4.0-cp312-cp312-manylinux_2_27_aarch64.manylinux_2_28_aarch64.whl", hash = "sha256:35ddc8f4914466e6fc954c76527aa91aa763682a4f6d73249ef20b418fe6effb"},
    {file = "numpy-2.4.0-cp312-cp312-manylinux_2_27_x86_64.manylinux_2_28_x86_64.whl", hash = "sha256:dc578891de1db95b2a35001b695451767b580bb45753717498213c5ff3c41d63"},
    {file = "numpy-2.4.0-cp312-cp312-musllinux_1_2_aarch64.whl", hash = "sha256:98e81648e0b36e325ab67e46b5400a7a6d4a22b8a7c8e8bbfe20e7db7906bf95"},
    {file = "numpy-2.4.0-cp312-cp312-musllinux_1_2_x86_64.whl", hash = "sha256:d57b5046c120561ba8fa8e4030fbb8b822f3063910fa901ffadf16e2b7128ad6"},
    {file = "numpy-2.4.0-cp312-cp312-win32.whl", hash = "sha256:92190db305a6f48734d3982f2c60fa30d6b5ee9bff10f2887b930d7b40119f4c"},
    {file = "numpy-2.4.0-cp312-cp312-win_amd64.whl", hash = "sha256:680060061adb2d74ce352628cb798cfdec399068aa7f07ba9fb818b2b3305f98"},
    {file = "numpy-2.4.0-cp312-cp312-win_arm64.whl", hash = "sha256:39699233bc72dd482da1415dcb06076e32f60eddc796a796c5fb6c5efce94667"},
    {file = "numpy-2.4.0-cp313-cp313-macosx_10_13_x86_64.whl", hash = "sha256:a152d86a3ae00ba5f47b3acf3b827509fd0b6cb7d3259665e63dafbad22a75ea"},
    {file = "numpy-2.4.0-cp313-cp313-macosx_11_0_arm64.whl", hash = "sha256:39b19251dec4de8ff8496cd0806cbe27bf0684f765abb1f4809554de93785f2d"},
    {file = "numpy-2.4.0-cp313-cp313-macosx_14_0_arm64.whl", hash = "sha256:009bd0ea12d3c784b6639a8457537016ce5172109e585338e11334f6a7bb88ee"},
    {file = "numpy-2.4.0-cp313-cp313-macosx_14_0_x86_64.whl", hash = "sha256:5fe44e277225fd3dff6882d86d3d447205d43532c3627313d17e754fb3905a0e"},
    {file = "numpy-2.4.0-cp313-cp313-manylinux_2_27_aarch64.manylinux_2_28_aarch64.whl", hash = "sha256:f935c4493eda9069851058fa0d9e39dbf6286be690066509305e52912714dbb2"},
    {file = "numpy-2.4.0-cp313-cp313-manylinux_2_27_x86_64.manylinux_2_28_x86_64.whl", hash = "sha256:8cfa5f29a695cb7438965e6c3e8d06e0416060cf0d709c1b1c1653a939bf5c2a"},
    {file = "numpy-2.4.0-cp313-cp313-musllinux_1_2_aarch64.whl", hash = "sha256:ba0cb30acd3ef11c94dc27fbfba68940652492bc107075e7ffe23057f9425681"},
    {file = "numpy-2.4.0-cp313-cp313-musllinux_1_2_x86_64.whl", hash = "sha256:60e8c196cd82cbbd4f130b5290007e13e6de3eca79f0d4d38014769d96a7c475"},
    {file = "numpy-2.4.0-cp313-cp313-win32.whl", hash = "sha256:5f48cb3e88fbc294dc90e215d86fbaf1c852c63dbdb6c3a3e63f45c4b57f7344"},
    {file = "numpy-2.4.0-cp313-cp313-win_amd64.whl", hash = "sha256:a899699294f28f7be8992853c0c60741f16ff199205e2e6cdca155762cbaa59d"},
    {file = "numpy-2.4.0-cp313-cp313-win_arm64.whl", hash = "sha256:9198f447e1dc5647d07c9a6bbe2063cc0132728cc7175b39dbc796da5b54920d"},
    {file = "numpy-2.4.0-cp313-cp313t-macosx_11_0_arm64.whl", hash = "sha256:74623f2ab5cc3f7c886add4f735d1031a1d2be4a4ae63c0546cfd74e7a31ddf6"},
    {file = "numpy-2.4.0-cp313-cp313t-macosx_14_0_arm64.whl", hash = "sha256:0804a8e4ab070d1d35496e65ffd3cf8114c136a2b81f61dfab0de4b218aacfd5"},
    {file = "numpy-2.4.0-cp313-cp313t-macosx_14_0_x86_64.whl", hash = "sha256:02a2038eb27f9443a8b266a66911e926566b5a6ffd1a689b588f7f35b81e7dc3"},
    {file = "numpy-2.4.0-cp313-cp313t-manylinux_2_27_aarch64.manylinux_2_28_aarch64.whl", hash = "sha256:1889b3a3f47a7b5bee16bc25a2145bd7cb91897f815ce3499db64c7458b6d91d"},
    {file = "numpy-2.4.0-cp313-cp313t-manylinux_2_27_x86_64.manylinux_2_28_x86_64.whl", hash = "sha256:85eef4cb5625c47ee6425c58a3502555e10f45ee973da878ac8248ad58c136f3"},
    {file = "numpy-2.4.0-cp313-cp313t-musllinux_1_2_aarch64.whl", hash = "sha256:6dc8b7e2f4eb184b37655195f421836cfae6f58197b67e3ffc501f1333d993fa"},
    {file = "numpy-2.4.0-cp313-cp313t-musllinux_1_2_x86_64.whl", hash = "sha256:44aba2f0cafd287871a495fb3163408b0bd25bbce135c6f621534a07f4f7875c"},
    {file = "numpy-2.4.0-cp313-cp313t-win32.whl", hash = "sha256:20c115517513831860c573996e395707aa9fb691eb179200125c250e895fcd93"},
    {file = "numpy-2.4.0-cp313-cp313t-win_amd64.whl", hash = "sha256:b48e35f4ab6f6a7597c46e301126ceba4c44cd3280e3750f85db48b082624fa4"},
    {file = "numpy-2.4.0-cp313-cp313t-win_arm64.whl", hash = "sha256:4d1cfce39e511069b11e67cd0bd78ceff31443b7c9e5c04db73c7a19f572967c"},
    {file = "numpy-2.4.0-cp314-cp314-macosx_10_15_x86_64.whl", hash = "sha256:c95eb6db2884917d86cde0b4d4cf31adf485c8ec36bf8696dd66fa70de96f36b"},
    {file = "numpy-2.4.0-cp314-cp314-macosx_11_0_arm64.whl", hash = "sha256:65167da969cd1ec3a1df31cb221ca3a19a8aaa25370ecb17d428415e93c1935e"},
    {file = "numpy-2.4.0-cp314-cp314-macosx_14_0_arm64.whl", hash = "sha256:3de19cfecd1465d0dcf8a5b5ea8b3155b42ed0b639dba4b71e323d74f2a3be5e"},
    {file = "numpy-2.4.0-cp314-cp314-macosx_14_0_x86_64.whl", hash = "sha256:6c05483c3136ac4c91b4e81903cb53a8707d316f488124d0398499a4f8e8ef51"},
    {file = "numpy-2.4.0-cp314-cp314-manylinux_2_27_aarch64.manylinux_2_28_aarch64.whl", hash = "sha256:36667db4d6c1cea79c8930ab72fadfb4060feb4bfe724141cd4bd064d2e5f8ce"},
    {file = "numpy-2.4.0-cp314-cp314-manylinux_2_27_x86_64.manylinux_2_28_x86_64.whl", hash = "sha256:9a818668b674047fd88c4cddada7ab8f1c298812783e8328e956b78dc4807f9f"},
    {file = "numpy-2.4.0-cp314-cp314-musllinux_1_2_aarch64.whl", hash = "sha256:1ee32359fb7543b7b7bd0b2f46294db27e29e7bbdf70541e81b190836cd83ded"},
    {file = "numpy-2.4.0-cp314-cp314-musllinux_1_2_x86_64.whl", hash = "sha256:e493962256a38f58283de033d8af176c5c91c084ea30f15834f7545451c42059"},
    {file = "numpy-2.4.0-cp314-cp314-win32.whl", hash = "sha256:6bbaebf0d11567fa8926215ae731e1d58e6ec28a8a25235b8a47405d301332db"},
    {file = "numpy-2.4.0-cp314-cp314-win_amd64.whl", hash = "sha256:3d857f55e7fdf7c38ab96c4558c95b97d1c685be6b05c249f5fdafcbd6f9899e"},
    {file = "numpy-2.4.0-cp314-cp314-win_arm64.whl", hash = "sha256:bb50ce5fb202a26fd5404620e7ef820ad1ab3558b444cb0b55beb7ef66cd2d63"},
    {file = "numpy-2.4.0-cp314-cp314t-macosx_11_0_arm64.whl", hash = "sha256:355354388cba60f2132df297e2d53053d4063f79077b67b481d21276d61fc4df"},
    {file = "numpy-2.4.0-cp314-cp314t-macosx_14_0_arm64.whl", hash = "sha256:1d8f9fde5f6dc1b6fc34df8162f3b3079365468703fee7f31d4e0cc8c63baed9"},
    {file = "numpy-2.4.0-cp314-cp314t-macosx_14_0_x86_64.whl", hash = "sha256:e0434aa22c821f44eeb4c650b81c7fbdd8c0122c6c4b5a576a76d5a35625ecd9"},
    {file = "numpy-2.4.0-cp314-cp314t-manylinux_2_27_aarch64.manylinux_2_28_aarch64.whl", hash = "sha256:40483b2f2d3ba7aad426443767ff5632ec3156ef09742b96913787d13c336471"},
    {file = "numpy-2.4.0-cp314-cp314t-manylinux_2_27_x86_64.manylinux_2_28_x86_64.whl", hash = "sha256:d9e6a7664ddd9746e20b7325351fe1a8408d0a2bf9c63b5e898290ddc8f09544"},
    {file = "numpy-2.4.0-cp314-cp314t-musllinux_1_2_aarch64.whl", hash = "sha256:ecb0019d44f4cdb50b676c5d0cb4b1eae8e15d1ed3d3e6639f986fc92b2ec52c"},
    {file = "numpy-2.4.0-cp314-cp314t-musllinux_1_2_x86_64.whl", hash = "sha256:d0ffd9e2e4441c96a9c91ec1783285d80bf835b677853fc2770a89d50c1e48ac"},
    {file = "numpy-2.4.0-cp314-cp314t-win32.whl", hash = "sha256:77f0d13fa87036d7553bf81f0e1fe3ce68d14c9976c9851744e4d3e91127e95f"},
    {file = "numpy-2.4.0-cp314-cp314t-win_amd64.whl", hash = "sha256:b1f5b45829ac1848893f0ddf5cb326110604d6df96cdc255b0bf9edd154104d4"},
    {file = "numpy-2.4.0-cp314-cp314t-win_arm64.whl", hash = "sha256:23a3e9d1a6f360267e8fbb38ba5db355a6a7e9be71d7fce7ab3125e88bb646c8"},
    {file = "numpy-2.4.0-pp311-pypy311_pp73-macosx_10_15_x86_64.whl", hash = "sha256:b54c83f1c0c0f1d748dca0af516062b8829d53d1f0c402be24b4257a9c48ada6"},
    {file = "numpy-2.4.0-pp311-pypy311_pp73-macosx_11_0_arm64.whl", hash = "sha256:aabb081ca0ec5d39591fc33018cd4b3f96e1a2dd6756282029986d00a785fba4"},
    {file = "numpy-2.4.0-pp311-pypy311_pp73-macosx_14_0_arm64.whl", hash = "sha256:8eafe7c36c8430b7794edeab3087dec7bf31d634d92f2af9949434b9d1964cba"},
    {file = "numpy-2.4.0-pp311-pypy311_pp73-macosx_14_0_x86_64.whl", hash = "sha256:2f585f52b2baf07ff3356158d9268ea095e221371f1074fadea2f42544d58b4d"},
    {file = "numpy-2.4.0-pp311-pypy311_pp73-manylinux_2_27_aarch64.manylinux_2_28_aarch64.whl", hash = "sha256:32ed06d0fe9cae27d8fb5f400c63ccee72370599c75e683a6358dd3a4fb50aaf"},
    {file = "numpy-2.4.0-pp311-pypy311_pp73-manylinux_2_27_x86_64.manylinux_2_28_x86_64.whl", hash = "sha256:57c540ed8fb1f05cb997c6761cd56db72395b0d6985e90571ff660452ade4f98"},
    {file = "numpy-2.4.0-pp311-pypy311_pp73-win_amd64.whl", hash = "sha256:a39fb973a726e63223287adc6dafe444ce75af952d711e400f3bf2b36ef55a7b"},
    {file = "numpy-2.4.0.tar.gz", hash = "sha256:6e504f7b16118198f138ef31ba24d985b124c2c469fe8467007cf30fd992f934"},
]

[[package]]
name = "opt-einsum"
version = "3.4.0"
description = "Path optimization of einsum functions."
optional = false
python-versions = ">=3.8"
groups = ["main"]
files = [
    {file = "opt_einsum-3.4.0-py3-none-any.whl", hash = "sha256:69bb92469f86a1565195ece4ac0323943e83477171b91d24c35afe028a90d7cd"},
    {file = "opt_einsum-3.4.0.tar.gz", hash = "sha256:96ca72f1b886d148241348783498194c577fa30a8faac108586b14f1ba4473ac"},
]

[[package]]
name = "scikit-learn"
version = "1.8.0"
description = "A set of python modules for machine learning and data mining"
optional = false
python-versions = ">=3.11"
groups = ["main"]
files = [
    {file = "scikit_learn-1.8.0-cp311-cp311-macosx_10_9_x86_64.whl", hash = "sha256:146b4d36f800c013d267b29168813f7a03a43ecd2895d04861f1240b564421da"},
    {file = "scikit_learn-1.8.0-cp311-cp311-macosx_12_0_arm64.whl", hash = "sha256:f984ca4b14914e6b4094c5d52a32ea16b49832c03bd17a110f004db3c223e8e1"},
    {file = "scikit_learn-1.8.0-cp311-cp311-manylinux_2_27_aarch64.manylinux_2_28_aarch64.whl", hash = "sha256:5e30adb87f0cc81c7690a84f7932dd66be5bac57cfe16b91cb9151683a4a2d3b"},
    {file = "scikit_learn-1.8.0-cp311-cp311-manylinux_2_27_x86_64.manylinux_2_28_x86_64.whl", hash = "sha256:ada8121bcb4dac28d930febc791a69f7cb1673c8495e5eee274190b73a4559c1"},
    {file = "scikit_learn-1.8.0-cp311-cp311-win_amd64.whl", hash = "sha256:c57b1b610bd1f40ba43970e11ce62821c2e6569e4d74023db19c6b26f246cb3b"},
    {file = "scikit_learn-1.8.0-cp311-cp311-win_arm64.whl", hash = "sha256:2838551e011a64e3053ad7618dda9310175f7515f1742fa2d756f7c874c05961"},
    {file = "scikit_learn-1.8.0-cp312-cp312-macosx_10_13_x86_64.whl", hash = "sha256:5fb63362b5a7ddab88e52b6dbb47dac3fd7dafeee740dc6c8d8a446ddedade8e"},
    {file = "scikit_learn-1.8.0-cp312-cp312-macosx_12_0_arm64.whl", hash = "sha256:5025ce924beccb28298246e589c691fe1b8c1c96507e6d27d12c5fadd85bfd76"},
    {file = "scikit_learn-1.8.0-cp312-cp312-manylinux_2_27_aarch64.manylinux_2_28_aarch64.whl", hash = "sha256:4496bb2cf7a43ce1a2d7524a79e40bc5da45cf598dbf9545b7e8316ccba47bb4"},
    {file = "scikit_learn-1.8.0-cp312-cp312-manylinux_2_27_x86_64.manylinux_2_28_x86_64.whl", hash = "sha256:a0bcfe4d0d14aec44921545fd2af2338c7471de9cb701f1da4c9d85906ab847a"},
    {file = "scikit_learn-1.8.0-cp312-cp312-win_amd64.whl", hash = "sha256:35c007dedb2ffe38fe3ee7d201ebac4a2deccd2408e8621d53067733e3c74809"},
    {file = "scikit_learn-1.8.0-cp312-cp312-win_arm64.whl", hash = "sha256:8c497fff237d7b4e07e9ef1a640887fa4fb765647f86fbe00f969ff6280ce2bb"},
    {file = "scikit_learn-1.8.0-cp313-cp313-macosx_10_13_x86_64.whl", hash = "sha256:0d6ae97234d5d7079dc0040990a6f7aeb97cb7fa7e8945f1999a429b23569e0a"},
    {file = "scikit_learn-1.8.0-cp313-cp313-macosx_12_0_arm64.whl", hash = "sha256:edec98c5e7c128328124a029bceb09eda2d526997780fef8d65e9a69eead963e"},
    {file = "scikit_learn-1.8.0-cp313-cp313-manylinux_2_27_aarch64.manylinux_2_28_aarch64.whl", hash = "sha256:74b66d8689d52ed04c271e1329f0c61635bcaf5b926db9b12d58914cdc01fe57"},
    {file = "scikit_learn-1.8.0-cp313-cp313-manylinux_2_27_x86_64.manylinux_2_28_x86_64.whl", hash = "sha256:8fdf95767f989b0cfedb85f7ed8ca215d4be728031f56ff5a519ee1e3276dc2e"},
    {file = "scikit_learn-1.8.0-cp313-cp313-win_amd64.whl", hash = "sha256:2de443b9373b3b615aec1bb57f9baa6bb3a9bd093f1269ba95c17d870422b271"},
    {file = "scikit_learn-1.8.0-cp313-cp313-win_arm64.whl", hash = "sha256:eddde82a035681427cbedded4e6eff5e57fa59216c2e3e90b10b19ab1d0a65c3"},
    {file = "scikit_learn-1.8.0-cp313-cp313t-macosx_10_13_x86_64.whl", hash = "sha256:7cc267b6108f0a1499a734167282c00c4ebf61328566b55ef262d48e9849c735"},
    {file = "scikit_learn-1.8.0-cp313-cp313t-macosx_12_0_arm64.whl", hash = "sha256:fe1c011a640a9f0791146011dfd3c7d9669785f9fed2b2a5f9e207536cf5c2fd"},
    {file = "scikit_learn-1.8.0-cp313-cp313t-manylinux_2_27_aarch64.manylinux_2_28_aarch64.whl", hash = "sha256:72358cce49465d140cc4e7792015bb1f0296a9742d5622c67e31399b75468b9e"},
    {file = "scikit_learn-1.8.0-cp313-cp313t-manylinux_2_27_x86_64.manylinux_2_28_x86_64.whl", hash = "sha256:80832434a6cc114f5219211eec13dcbc16c2bac0e31ef64c6d346cde3cf054cb"},
    {file = "scikit_learn-1.8.0-cp313-cp313t-win_amd64.whl", hash = "sha256:ee787491dbfe082d9c3013f01f5991658b0f38aa8177e4cd4bf434c58f551702"},
    {file = "scikit_learn-1.8.0-cp313-cp313t-win_arm64.whl", hash = "sha256:bf97c10a3f5a7543f9b88cbf488d33d175e9146115a451ae34568597ba33dcde"},
    {file = "scikit_learn-1.8.0-cp314-cp314-macosx_10_15_x86_64.whl", hash = "sha256:c22a2da7a198c28dd1a6e1136f19c830beab7fdca5b3e5c8bba8394f8a5c45b3"},
    {file = "scikit_learn-1.8.0-cp314-cp314-macosx_12_0_arm64.whl", hash = "sha256:6b595b07a03069a2b1740dc08c2299993850ea81cce4fe19b2421e0c970de6b7"},
    {file = "scikit_learn-1.8.0-cp314-cp314-manylinux_2_27_aarch64.manylinux_2_28_aarch64.whl", hash = "sha256:29ffc74089f3d5e87dfca4c2c8450f88bdc61b0fc6ed5d267f3988f19a1309f6"},
    {file = "scikit_learn-1.8.0-cp314-cp314-manylinux_2_27_x86_64.manylinux_2_28_x86_64.whl", hash = "sha256:fb65db5d7531bccf3a4f6bec3462223bea71384e2cda41da0f10b7c292b9e7c4"},
    {file = "scikit_learn-1.8.0-cp314-cp314-win_amd64.whl", hash = "sha256:56079a99c20d230e873ea40753102102734c5953366972a71d5cb39a32bc40c6"},
    {file = "scikit_learn-1.8.0-cp314-cp314-win_arm64.whl", hash = "sha256:3bad7565bc9cf37ce19a7c0d107742b320c1285df7aab1a6e2d28780df167242"},
    {file = "scikit_learn-1.8.0-cp314-cp314t-macosx_10_15_x86_64.whl", hash = "sha256:4511be56637e46c25721e83d1a9cea9614e7badc7040c4d573d75fbe257d6fd7"},
    {file = "scikit_learn-1.8.0-cp314-cp314t-macosx_12_0_arm64.whl", hash = "sha256:a69525355a641bf8ef136a7fa447672fb54fe8d60cab5538d9eb7c6438543fb9"},
    {file = "scikit_learn-1.8.0-cp314-cp314t-manylinux_2_27_aarch64.manylinux_2_28_aarch64.whl", hash = "sha256:c2656924ec73e5939c76ac4c8b026fc203b83d8900362eb2599d8aee80e4880f"},
    {file = "scikit_learn-1.8.0-cp314-cp314t-manylinux_2_27_x86_64.manylinux_2_28_x86_64.whl", hash = "sha256:15fc3b5d19cc2be65404786857f2e13c70c83dd4782676dd6814e3b89dc8f5b9"},
    {file = "scikit_learn-1.8.0-cp314-cp314t-win_amd64.whl", hash = "sha256:00d6f1d66fbcf4eba6e356e1420d33cc06c70a45bb1363cd6f6a8e4ebbbdece2"},
    {file = "scikit_learn-1.8.0-cp314-cp314t-win_arm64.whl", hash = "sha256:f28dd15c6bb0b66ba09728cf09fd8736c304be29409bd8445a080c1280619e8c"},
    {file = "scikit_learn-1.8.0.tar.gz", hash = "sha256:9bccbb3b40e3de10351f8f5068e105d0f4083b1a65fa07b6634fbc401a6287fd"},
]

[package.dependencies]
joblib = ">=1.3.0"
numpy = ">=1.24.1"
scipy = ">=1.10.0"
threadpoolctl = ">=3.2.0"

[package.extras]
benchmark = ["matplotlib (>=3.6.1)", "memory_profiler (>=0.57.0)", "pandas (>=1.5.0)"]
build = ["cython (>=3.1.2)", "meson-python (>=0.17.1)", "numpy (>=1.24.1)", "scipy (>=1.10.0)"]
docs = ["Pillow (>=10.1.0)", "matplotlib (>=3.6.1)", "memory_profiler (>=0.57.0)", "numpydoc (>=1.2.0)", "pandas (>=1.5.0)", "plotly (>=5.18.0)", "polars (>=0.20.30)", "pooch (>=1.8.0)", "pydata-sphinx-theme (>=0.15.3)", "scikit-image (>=0.22.0)", "seaborn (>=0.13.0)", "sphinx (>=7.3.7)", "sphinx-copybutton (>=0.5.2)", "sphinx-design (>=0.6.0)", "sphinx-gallery (>=0.17.1)", "sphinx-prompt (>=1.4.0)", "sphinx-remove-toctrees (>=1.0.0.post1)", "sphinxcontrib-sass (>=0.3.4)", "sphinxext-opengraph (>=0.9.1)", "towncrier (>=24.8.0)"]
examples = ["matplotlib (>=3.6.1)", "pandas (>=1.5.0)", "plotly (>=5.18.0)", "pooch (>=1.8.0)", "scikit-image (>=0.22.0)", "seaborn (>=0.13.0)"]
install = ["joblib (>=1.3.0)", "numpy (>=1.24.1)", "scipy (>=1.10.0)", "threadpoolctl (>=3.2.0)"]
maintenance = ["conda-lock (==3.0.1)"]
tests = ["matplotlib (>=3.6.1)", "mypy (>=1.15)", "numpydoc (>=1.2.0)", "pandas (>=1.5.0)", "polars (>=0.20.30)", "pooch (>=1.8.0)", "pyamg (>=5.0.0)", "pyarrow (>=12.0.0)", "pytest (>=7.1.2)", "pytest-cov (>=2.9.0)", "ruff (>=0.11.7)"]

[[package]]
name = "scipy"
version = "1.16.3"
description = "Fundamental algorithms for scientific computing in Python"
optional = false
python-versions = ">=3.11"
groups = ["main"]
files = [
    {file = "scipy-1.16.3-cp311-cp311-macosx_10_14_x86_64.whl", hash = "sha256:40be6cf99e68b6c4321e9f8782e7d5ff8265af28ef2cd56e9c9b2638fa08ad97"},
    {file = "scipy-1.16.3-cp311-cp311-macosx_12_0_arm64.whl", hash = "sha256:8be1ca9170fcb6223cc7c27f4305d680ded114a1567c0bd2bfcbf947d1b17511"},
    {file = "scipy-1.16.3-cp311-cp311-macosx_14_0_arm64.whl", hash = "sha256:bea0a62734d20d67608660f69dcda23e7f90fb4ca20974ab80b6ed40df87a005"},
    {file = "scipy-1.16.3-cp311-cp311-macosx_14_0_x86_64.whl", hash = "sha256:2a207a6ce9c24f1951241f4693ede2d393f59c07abc159b2cb2be980820e01fb"},
    {file = "scipy-1.16.3-cp311-cp311-manylinux2014_aarch64.manylinux_2_17_aarch64.whl", hash = "sha256:532fb5ad6a87e9e9cd9c959b106b73145a03f04c7d57ea3e6f6bb60b86ab0876"},
    {file = "scipy-1.16.3-cp311-cp311-manylinux2014_x86_64.manylinux_2_17_x86_64.whl", hash = "sha256:0151a0749efeaaab78711c78422d413c583b8cdd2011a3c1d6c794938ee9fdb2"},
    {file = "scipy-1.16.3-cp311-cp311-musllinux_1_2_aarch64.whl", hash = "sha256:b7180967113560cca57418a7bc719e30366b47959dd845a93206fbed693c867e"},
    {file = "scipy-1.16.3-cp311-cp311-musllinux_1_2_x86_64.whl", hash = "sha256:deb3841c925eeddb6afc1e4e4a45e418d19ec7b87c5df177695224078e8ec733"},
    {file = "scipy-1.16.3-cp311-cp311-win_amd64.whl", hash = "sha256:53c3844d527213631e886621df5695d35e4f6a75f620dca412bcd292f6b87d78"},
    {file = "scipy-1.16.3-cp311-cp311-win_arm64.whl", hash = "sha256:9452781bd879b14b6f055b26643703551320aa8d79ae064a71df55c00286a184"},
    {file = "scipy-1.16.3-cp312-cp312-macosx_10_14_x86_64.whl", hash = "sha256:81fc5827606858cf71446a5e98715ba0e11f0dbc83d71c7409d05486592a45d6"},
    {file = "scipy-1.16.3-cp312-cp312-macosx_12_0_arm64.whl", hash = "sha256:c97176013d404c7346bf57874eaac5187d969293bf40497140b0a2b2b7482e07"},
    {file = "scipy-1.16.3-cp312-cp312-macosx_14_0_arm64.whl", hash = "sha256:2b71d93c8a9936046866acebc915e2af2e292b883ed6e2cbe5c34beb094b82d9"},
    {file = "scipy-1.16.3-cp312-cp312-macosx_14_0_x86_64.whl", hash = "sha256:3d4a07a8e785d80289dfe66b7c27d8634a773020742ec7187b85ccc4b0e7b686"},
    {file = "scipy-1.16.3-cp312-cp312-manylinux2014_aarch64.manylinux_2_17_aarch64.whl", hash = "sha256:0553371015692a898e1aa858fed67a3576c34edefa6b7ebdb4e9dde49ce5c203"},
    {file = "scipy-1.16.3-cp312-cp312-manylinux2014_x86_64.manylinux_2_17_x86_64.whl", hash = "sha256:72d1717fd3b5e6ec747327ce9bda32d5463f472c9dce9f54499e81fbd50245a1"},
    {file = "scipy-1.16.3-cp312-cp312-musllinux_1_2_aarch64.whl", hash = "sha256:1fb2472e72e24d1530debe6ae078db70fb1605350c88a3d14bc401d6306dbffe"},
    {file = "scipy-1.16.3-cp312-cp312-musllinux_1_2_x86_64.whl", hash = "sha256:c5192722cffe15f9329a3948c4b1db789fbb1f05c97899187dcf009b283aea70"},
    {file = "scipy-1.16.3-cp312-cp312-win_amd64.whl", hash = "sha256:56edc65510d1331dae01ef9b658d428e33ed48b4f77b1d51caf479a0253f96dc"},
    {file = "scipy-1.16.3-cp312-cp312-win_arm64.whl", hash = "sha256:a8a26c78ef223d3e30920ef759e25625a0ecdd0d60e5a8818b7513c3e5384cf2"},
    {file = "scipy-1.16.3-cp313-cp313-macosx_10_14_x86_64.whl", hash = "sha256:d2ec56337675e61b312179a1ad124f5f570c00f920cc75e1000025451b88241c"},
    {file = "scipy-1.16.3-cp313-cp313-macosx_12_0_arm64.whl", hash = "sha256:16b8bc35a4cc24db80a0ec836a9286d0e31b2503cb2fd7ff7fb0e0374a97081d"},
    {file = "scipy-1.16.3-cp313-cp313-macosx_14_0_arm64.whl", hash = "sha256:5803c5fadd29de0cf27fa08ccbfe7a9e5d741bf63e4ab1085437266f12460ff9"},
    {file = "scipy-1.16.3-cp313-cp313-macosx_14_0_x86_64.whl", hash = "sha256:b81c27fc41954319a943d43b20e07c40bdcd3ff7cf013f4fb86286faefe546c4"},
    {file = "scipy-1.16.3-cp313-cp313-manylinux2014_aarch64.manylinux_2_17_aarch64.whl", hash = "sha256:0c3b4dd3d9b08dbce0f3440032c52e9e2ab9f96ade2d3943313dfe51a7056959"},
    {file = "scipy-1.16.3-cp313-cp313-manylinux2014_x86_64.manylinux_2_17_x86_64.whl", hash = "sha256:7dc1360c06535ea6116a2220f760ae572db9f661aba2d88074fe30ec2aa1ff88"},
    {file = "scipy-1.16.3-cp313-cp313-musllinux_1_2_aarch64.whl", hash = "sha256:663b8d66a8748051c3ee9c96465fb417509315b99c71550fda2591d7dd634234"},
    {file = "scipy-1.16.3-cp313-cp313-musllinux_1_2_x86_64.whl", hash = "sha256:eab43fae33a0c39006a88096cd7b4f4ef545ea0447d250d5ac18202d40b6611d"},
    {file = "scipy-1.16.3-cp313-cp313-win_amd64.whl", hash = "sha256:062246acacbe9f8210de8e751b16fc37458213f124bef161a5a02c7a39284304"},
    {file = "scipy-1.16.3-cp313-cp313-win_arm64.whl", hash = "sha256:50a3dbf286dbc7d84f176f9a1574c705f277cb6565069f88f60db9eafdbe3ee2"},
    {file = "scipy-1.16.3-cp313-cp313t-macosx_10_14_x86_64.whl", hash = "sha256:fb4b29f4cf8cc5a8d628bc8d8e26d12d7278cd1f219f22698a378c3d67db5e4b"},
    {file = "scipy-1.16.3-cp313-cp313t-macosx_12_0_arm64.whl", hash = "sha256:8d09d72dc92742988b0e7750bddb8060b0c7079606c0d24a8cc8e9c9c11f9079"},
    {file = "scipy-1.16.3-cp313-cp313t-macosx_14_0_arm64.whl", hash = "sha256:03192a35e661470197556de24e7cb1330d84b35b94ead65c46ad6f16f6b28f2a"},
    {file = "scipy-1.16.3-cp313-cp313t-macosx_14_0_x86_64.whl", hash = "sha256:57d01cb6f85e34f0946b33caa66e892aae072b64b034183f3d87c4025802a119"},
    {file = "scipy-1.16.3-cp313-cp313t-manylinux2014_aarch64.manylinux_2_17_aarch64.whl", hash = "sha256:96491a6a54e995f00a28a3c3badfff58fd093bf26cd5fb34a2188c8c756a3a2c"},
    {file = "scipy-1.16.3-cp313-cp313t-manylinux2014_x86_64.manylinux_2_17_x86_64.whl", hash = "sha256:cd13e354df9938598af2be05822c323e97132d5e6306b83a3b4ee6724c6e522e"},
    {file = "scipy-1.16.3-cp313-cp313t-musllinux_1_2_aarch64.whl", hash = "sha256:63d3cdacb8a824a295191a723ee5e4ea7768ca5ca5f2838532d9f2e2b3ce2135"},
    {file = "scipy-1.16.3-cp313-cp313t-musllinux_1_2_x86_64.whl", hash = "sha256:e7efa2681ea410b10dde31a52b18b0154d66f2485328830e45fdf183af5aefc6"},
    {file = "scipy-1.16.3-cp313-cp313t-win_amd64.whl", hash = "sha256:2d1ae2cf0c350e7705168ff2429962a89ad90c2d49d1dd300686d8b2a5af22fc"},
    {file = "scipy-1.16.3-cp313-cp313t-win_arm64.whl", hash = "sha256:0c623a54f7b79dd88ef56da19bc2873afec9673a48f3b85b18e4d402bdd29a5a"},
    {file = "scipy-1.16.3-cp314-cp314-macosx_10_14_x86_64.whl", hash = "sha256:875555ce62743e1d54f06cdf22c1e0bc47b91130ac40fe5d783b6dfa114beeb6"},
    {file = "scipy-1.16.3-cp314-cp314-macosx_12_0_arm64.whl", hash = "sha256:bb61878c18a470021fb515a843dc7a76961a8daceaaaa8bad1332f1bf4b54657"},
    {file = "scipy-1.16.3-cp314-cp314-macosx_14_0_arm64.whl", hash = "sha256:f2622206f5559784fa5c4b53a950c3c7c1cf3e84ca1b9c4b6c03f062f289ca26"},
    {file = "scipy-1.16.3-cp314-cp314-macosx_14_0_x86_64.whl", hash = "sha256:7f68154688c515cdb541a31ef8eb66d8cd1050605be9dcd74199cbd22ac739bc"},
    {file = "scipy-1.16.3-cp314-cp314-manylinux2014_aarch64.manylinux_2_17_aarch64.whl", hash = "sha256:8b3c820ddb80029fe9f43d61b81d8b488d3ef8ca010d15122b152db77dc94c22"},
    {file = "scipy-1.16.3-cp314-cp314-manylinux2014_x86_64.manylinux_2_17_x86_64.whl", hash = "sha256:d3837938ae715fc0fe3c39c0202de3a8853aff22ca66781ddc2ade7554b7e2cc"},
    {file = "scipy-1.16.3-cp314-cp314-musllinux_1_2_aarch64.whl", hash = "sha256:aadd23f98f9cb069b3bd64ddc900c4d277778242e961751f77a8cb5c4b946fb0"},
    {file = "scipy-1.16.3-cp314-cp314-musllinux_1_2_x86_64.whl", hash = "sha256:b7c5f1bda1354d6a19bc6af73a649f8285ca63ac6b52e64e658a5a11d4d69800"},
    {file = "scipy-1.16.3-cp314-cp314-win_amd64.whl", hash = "sha256:e5d42a9472e7579e473879a1990327830493a7047506d58d73fc429b84c1d49d"},
    {file = "scipy-1.16.3-cp314-cp314-win_arm64.whl", hash = "sha256:6020470b9d00245926f2d5bb93b119ca0340f0d564eb6fbaad843eaebf9d690f"},
    {file = "scipy-1.16.3-cp314-cp314t-macosx_10_14_x86_64.whl", hash = "sha256:e1d27cbcb4602680a49d787d90664fa4974063ac9d4134813332a8c53dbe667c"},
    {file = "scipy-1.16.3-cp314-cp314t-macosx_12_0_arm64.whl", hash = "sha256:9b9c9c07b6d56a35777a1b4cc8966118fb16cfd8daf6743867d17d36cfad2d40"},
    {file = "scipy-1.16.3-cp314-cp314t-macosx_14_0_arm64.whl", hash = "sha256:3a4c460301fb2cffb7f88528f30b3127742cff583603aa7dc964a52c463b385d"},
    {file = "scipy-1.16.3-cp314-cp314t-macosx_14_0_x86_64.whl", hash = "sha256:f667a4542cc8917af1db06366d3f78a5c8e83badd56409f94d1eac8d8d9133fa"},
    {file = "scipy-1.16.3-cp314-cp314t-manylinux2014_aarch64.manylinux_2_17_aarch64.whl", hash = "sha256:f379b54b77a597aa7ee5e697df0d66903e41b9c85a6dd7946159e356319158e8"},
    {file = "scipy-1.16.3-cp314-cp314t-manylinux2014_x86_64.manylinux_2_17_x86_64.whl", hash = "sha256:4aff59800a3b7f786b70bfd6ab551001cb553244988d7d6b8299cb1ea653b353"},
    {file = "scipy-1.16.3-cp314-cp314t-musllinux_1_2_aarch64.whl", hash = "sha256:da7763f55885045036fabcebd80144b757d3db06ab0861415d1c3b7c69042146"},
    {file = "scipy-1.16.3-cp314-cp314t-musllinux_1_2_x86_64.whl", hash = "sha256:ffa6eea95283b2b8079b821dc11f50a17d0571c92b43e2b5b12764dc5f9b285d"},
    {file = "scipy-1.16.3-cp314-cp314t-win_amd64.whl", hash = "sha256:d9f48cafc7ce94cf9b15c6bffdc443a81a27bf7075cf2dcd5c8b40f85d10c4e7"},
    {file = "scipy-1.16.3-cp314-cp314t-win_arm64.whl", hash = "sha256:21d9d6b197227a12dcbf9633320a4e34c6b0e51c57268df255a0942983bac562"},
    {file = "scipy-1.16.3.tar.gz", hash = "sha256:01e87659402762f43bd2fee13370553a17ada367d42e7487800bf2916535aecb"},
]

[package.dependencies]
numpy = ">=1.25.2,<2.6"

[package.extras]
dev = ["cython-lint (>=0.12.2)", "doit (>=0.36.0)", "mypy (==1.10.0)", "pycodestyle", "pydevtool", "rich-click", "ruff (>=0.0.292)", "types-psutil", "typing_extensions"]
doc = ["intersphinx_registry", "jupyterlite-pyodide-kernel", "jupyterlite-sphinx (>=0.19.1)", "jupytext", "linkify-it-py", "matplotlib (>=3.5)", "myst-nb (>=1.2.0)", "numpydoc", "pooch", "pydata-sphinx-theme (>=0.15.2)", "sphinx (>=5.0.0,<8.2.0)", "sphinx-copybutton", "sphinx-design (>=0.4.0)"]
test = ["Cython", "array-api-strict (>=2.3.1)", "asv", "gmpy2", "hypothesis (>=6.30)", "meson", "mpmath", "ninja ; sys_platform != \"emscripten\"", "pooch", "pytest (>=8.0.0)", "pytest-cov", "pytest-timeout", "pytest-xdist", "scikit-umfpack", "threadpoolctl"]

[[package]]
name = "threadpoolctl"
version = "3.6.0"
description = "threadpoolctl"
optional = false
python-versions = ">=3.9"
groups = ["main"]
files = [
    {file = "threadpoolctl-3.6.0-py3-none-any.whl", hash = "sha256:43a0b8fd5a2928500110039e43a5eed8480b918967083ea48dc3ab9f13c4a7fb"},
    {file = "threadpoolctl-3.6.0.tar.gz", hash = "sha256:8ab8b4aa3491d812b623328249fab5302a68d2d71745c8a4c719a2fcaba9f44e"},
]

[[package]]
name = "tqdm"
version = "4.67.1"
description = "Fast, Extensible Progress Meter"
optional = false
python-versions = ">=3.7"
groups = ["main"]
files = [
    {file = "tqdm-4.67.1-py3-none-any.whl", hash = "sha256:26445eca388f82e72884e0d580d5464cd801a3ea01e63e5601bdff9ba6a48de2"},
    {file = "tqdm-4.67.1.tar.gz", hash = "sha256:f8aef9c52c08c13a65f30ea34f4e5aac3fd1a34959879d7e59e63027286627f2"},
]

[package.dependencies]
colorama = {version = "*", markers = "platform_system == \"Windows\""}

[package.extras]
dev = ["nbval", "pytest (>=6)", "pytest-asyncio (>=0.24)", "pytest-cov", "pytest-timeout"]
discord = ["requests"]
notebook = ["ipywidgets (>=6)"]
slack = ["slack-sdk"]
telegram = ["requests"]

[metadata]
lock-version = "2.1"
python-versions = ">=3.11, <3.15"
content-hash = "7c5eff9b6de7bc9ee0d53e33d09904352180fbdd1c10fc8a69b10a3a70cc571e"
